// !$*UTF8*$!
{
	archiveVersion = 1;
	classes = {
	};
	objectVersion = 48;
	objects = {

/* Begin PBXBuildFile section */
		AF8990FA1FC80C9E00639560 /* AppDelegate.swift in Sources */ = {isa = PBXBuildFile; fileRef = AF8990F91FC80C9E00639560 /* AppDelegate.swift */; };
		AF8990FC1FC80C9E00639560 /* ViewController.swift in Sources */ = {isa = PBXBuildFile; fileRef = AF8990FB1FC80C9E00639560 /* ViewController.swift */; };
		AF8990FE1FC80C9E00639560 /* Assets.xcassets in Resources */ = {isa = PBXBuildFile; fileRef = AF8990FD1FC80C9E00639560 /* Assets.xcassets */; };
		AF8991011FC80C9E00639560 /* Main.storyboard in Resources */ = {isa = PBXBuildFile; fileRef = AF8990FF1FC80C9E00639560 /* Main.storyboard */; };
		AF89910C1FC8124900639560 /* json_swift.txt in Resources */ = {isa = PBXBuildFile; fileRef = AF89910A1FC8124900639560 /* json_swift.txt */; };
		AF89910D1FC8124900639560 /* oneModel_swift.txt in Resources */ = {isa = PBXBuildFile; fileRef = AF89910B1FC8124900639560 /* oneModel_swift.txt */; };
/* End PBXBuildFile section */

/* Begin PBXFileReference section */
		AF8990F61FC80C9E00639560 /* AutomacticCoderSwift.app */ = {isa = PBXFileReference; explicitFileType = wrapper.application; includeInIndex = 0; path = AutomacticCoderSwift.app; sourceTree = BUILT_PRODUCTS_DIR; };
		AF8990F91FC80C9E00639560 /* AppDelegate.swift */ = {isa = PBXFileReference; lastKnownFileType = sourcecode.swift; path = AppDelegate.swift; sourceTree = "<group>"; };
		AF8990FB1FC80C9E00639560 /* ViewController.swift */ = {isa = PBXFileReference; lastKnownFileType = sourcecode.swift; path = ViewController.swift; sourceTree = "<group>"; };
		AF8990FD1FC80C9E00639560 /* Assets.xcassets */ = {isa = PBXFileReference; lastKnownFileType = folder.assetcatalog; path = Assets.xcassets; sourceTree = "<group>"; };
		AF8991001FC80C9E00639560 /* Base */ = {isa = PBXFileReference; lastKnownFileType = file.storyboard; name = Base; path = Base.lproj/Main.storyboard; sourceTree = "<group>"; };
		AF8991021FC80C9E00639560 /* Info.plist */ = {isa = PBXFileReference; lastKnownFileType = text.plist.xml; path = Info.plist; sourceTree = "<group>"; };
		AF8991031FC80C9E00639560 /* AutomacticCoderSwift.entitlements */ = {isa = PBXFileReference; lastKnownFileType = text.plist.entitlements; path = AutomacticCoderSwift.entitlements; sourceTree = "<group>"; };
		AF89910A1FC8124900639560 /* json_swift.txt */ = {isa = PBXFileReference; fileEncoding = 4; lastKnownFileType = text; path = json_swift.txt; sourceTree = "<group>"; };
		AF89910B1FC8124900639560 /* oneModel_swift.txt */ = {isa = PBXFileReference; fileEncoding = 4; lastKnownFileType = text; path = oneModel_swift.txt; sourceTree = "<group>"; };
/* End PBXFileReference section */

/* Begin PBXFrameworksBuildPhase section */
		AF8990F31FC80C9E00639560 /* Frameworks */ = {
			isa = PBXFrameworksBuildPhase;
			buildActionMask = 2147483647;
			files = (
			);
			runOnlyForDeploymentPostprocessing = 0;
		};
/* End PBXFrameworksBuildPhase section */

/* Begin PBXGroup section */
		AF8990ED1FC80C9E00639560 = {
			isa = PBXGroup;
			children = (
				AF8990F81FC80C9E00639560 /* AutomacticCoderSwift */,
				AF8990F71FC80C9E00639560 /* Products */,
			);
			sourceTree = "<group>";
		};
		AF8990F71FC80C9E00639560 /* Products */ = {
			isa = PBXGroup;
			children = (
				AF8990F61FC80C9E00639560 /* AutomacticCoderSwift.app */,
			);
			name = Products;
			sourceTree = "<group>";
		};
		AF8990F81FC80C9E00639560 /* AutomacticCoderSwift */ = {
			isa = PBXGroup;
			children = (
				AF8991091FC810FA00639560 /* r */,
				AF8990F91FC80C9E00639560 /* AppDelegate.swift */,
				AF8990FB1FC80C9E00639560 /* ViewController.swift */,
				AF8990FD1FC80C9E00639560 /* Assets.xcassets */,
				AF8990FF1FC80C9E00639560 /* Main.storyboard */,
				AF8991021FC80C9E00639560 /* Info.plist */,
				AF8991031FC80C9E00639560 /* AutomacticCoderSwift.entitlements */,
			);
			path = AutomacticCoderSwift;
			sourceTree = "<group>";
		};
		AF8991091FC810FA00639560 /* r */ = {
			isa = PBXGroup;
			children = (
				AF89910A1FC8124900639560 /* json_swift.txt */,
				AF89910B1FC8124900639560 /* oneModel_swift.txt */,
			);
			path = r;
			sourceTree = "<group>";
		};
/* End PBXGroup section */

/* Begin PBXNativeTarget section */
		AF8990F51FC80C9E00639560 /* AutomacticCoderSwift */ = {
			isa = PBXNativeTarget;
			buildConfigurationList = AF8991061FC80C9E00639560 /* Build configuration list for PBXNativeTarget "AutomacticCoderSwift" */;
			buildPhases = (
				AF8990F21FC80C9E00639560 /* Sources */,
				AF8990F31FC80C9E00639560 /* Frameworks */,
				AF8990F41FC80C9E00639560 /* Resources */,
			);
			buildRules = (
			);
			dependencies = (
			);
			name = AutomacticCoderSwift;
			productName = AutomacticCoderSwift;
			productReference = AF8990F61FC80C9E00639560 /* AutomacticCoderSwift.app */;
			productType = "com.apple.product-type.application";
		};
/* End PBXNativeTarget section */

/* Begin PBXProject section */
		AF8990EE1FC80C9E00639560 /* Project object */ = {
			isa = PBXProject;
			attributes = {
				LastSwiftUpdateCheck = 0910;
				LastUpgradeCheck = 0910;
				ORGANIZATIONNAME = "孙凌锋";
				TargetAttributes = {
					AF8990F51FC80C9E00639560 = {
						CreatedOnToolsVersion = 9.1;
						ProvisioningStyle = Automatic;
						SystemCapabilities = {
							com.apple.Sandbox = {
								enabled = 1;
							};
						};
					};
				};
			};
			buildConfigurationList = AF8990F11FC80C9E00639560 /* Build configuration list for PBXProject "AutomacticCoderSwift" */;
			compatibilityVersion = "Xcode 8.0";
			developmentRegion = en;
			hasScannedForEncodings = 0;
			knownRegions = (
				en,
				Base,
			);
			mainGroup = AF8990ED1FC80C9E00639560;
			productRefGroup = AF8990F71FC80C9E00639560 /* Products */;
			projectDirPath = "";
			projectRoot = "";
			targets = (
				AF8990F51FC80C9E00639560 /* AutomacticCoderSwift */,
			);
		};
/* End PBXProject section */

/* Begin PBXResourcesBuildPhase section */
		AF8990F41FC80C9E00639560 /* Resources */ = {
			isa = PBXResourcesBuildPhase;
			buildActionMask = 2147483647;
			files = (
				AF89910C1FC8124900639560 /* json_swift.txt in Resources */,
				AF8990FE1FC80C9E00639560 /* Assets.xcassets in Resources */,
				AF8991011FC80C9E00639560 /* Main.storyboard in Resources */,
				AF89910D1FC8124900639560 /* oneModel_swift.txt in Resources */,
			);
			runOnlyForDeploymentPostprocessing = 0;
		};
/* End PBXResourcesBuildPhase section */

/* Begin PBXSourcesBuildPhase section */
		AF8990F21FC80C9E00639560 /* Sources */ = {
			isa = PBXSourcesBuildPhase;
			buildActionMask = 2147483647;
			files = (
				AF8990FC1FC80C9E00639560 /* ViewController.swift in Sources */,
				AF8990FA1FC80C9E00639560 /* AppDelegate.swift in Sources */,
			);
			runOnlyForDeploymentPostprocessing = 0;
		};
/* End PBXSourcesBuildPhase section */

/* Begin PBXVariantGroup section */
		AF8990FF1FC80C9E00639560 /* Main.storyboard */ = {
			isa = PBXVariantGroup;
			children = (
				AF8991001FC80C9E00639560 /* Base */,
			);
			name = Main.storyboard;
			sourceTree = "<group>";
		};
/* End PBXVariantGroup section */

/* Begin XCBuildConfiguration section */
		AF8991041FC80C9E00639560 /* Debug */ = {
			isa = XCBuildConfiguration;
			buildSettings = {
				ALWAYS_SEARCH_USER_PATHS = NO;
				CLANG_ANALYZER_NONNULL = YES;
				CLANG_ANALYZER_NUMBER_OBJECT_CONVERSION = YES_AGGRESSIVE;
				CLANG_CXX_LANGUAGE_STANDARD = "gnu++14";
				CLANG_CXX_LIBRARY = "libc++";
				CLANG_ENABLE_MODULES = YES;
				CLANG_ENABLE_OBJC_ARC = YES;
				CLANG_WARN_BLOCK_CAPTURE_AUTORELEASING = YES;
				CLANG_WARN_BOOL_CONVERSION = YES;
				CLANG_WARN_COMMA = YES;
				CLANG_WARN_CONSTANT_CONVERSION = YES;
				CLANG_WARN_DIRECT_OBJC_ISA_USAGE = YES_ERROR;
				CLANG_WARN_DOCUMENTATION_COMMENTS = YES;
				CLANG_WARN_EMPTY_BODY = YES;
				CLANG_WARN_ENUM_CONVERSION = YES;
				CLANG_WARN_INFINITE_RECURSION = YES;
				CLANG_WARN_INT_CONVERSION = YES;
				CLANG_WARN_NON_LITERAL_NULL_CONVERSION = YES;
				CLANG_WARN_OBJC_LITERAL_CONVERSION = YES;
				CLANG_WARN_OBJC_ROOT_CLASS = YES_ERROR;
				CLANG_WARN_RANGE_LOOP_ANALYSIS = YES;
				CLANG_WARN_STRICT_PROTOTYPES = YES;
				CLANG_WARN_SUSPICIOUS_MOVE = YES;
				CLANG_WARN_UNGUARDED_AVAILABILITY = YES_AGGRESSIVE;
				CLANG_WARN_UNREACHABLE_CODE = YES;
				CLANG_WARN__DUPLICATE_METHOD_MATCH = YES;
				CODE_SIGN_IDENTITY = "-";
				COPY_PHASE_STRIP = NO;
				DEBUG_INFORMATION_FORMAT = dwarf;
				ENABLE_STRICT_OBJC_MSGSEND = YES;
				ENABLE_TESTABILITY = YES;
				GCC_C_LANGUAGE_STANDARD = gnu11;
				GCC_DYNAMIC_NO_PIC = NO;
				GCC_NO_COMMON_BLOCKS = YES;
				GCC_OPTIMIZATION_LEVEL = 0;
				GCC_PREPROCESSOR_DEFINITIONS = (
					"DEBUG=1",
					"$(inherited)",
				);
				GCC_WARN_64_TO_32_BIT_CONVERSION = YES;
				GCC_WARN_ABOUT_RETURN_TYPE = YES_ERROR;
				GCC_WARN_UNDECLARED_SELECTOR = YES;
				GCC_WARN_UNINITIALIZED_AUTOS = YES_AGGRESSIVE;
				GCC_WARN_UNUSED_FUNCTION = YES;
				GCC_WARN_UNUSED_VARIABLE = YES;
				MACOSX_DEPLOYMENT_TARGET = 10.13;
				MTL_ENABLE_DEBUG_INFO = YES;
				ONLY_ACTIVE_ARCH = YES;
				SDKROOT = macosx;
				SWIFT_ACTIVE_COMPILATION_CONDITIONS = DEBUG;
				SWIFT_OPTIMIZATION_LEVEL = "-Onone";
			};
			name = Debug;
		};
		AF8991051FC80C9E00639560 /* Release */ = {
			isa = XCBuildConfiguration;
			buildSettings = {
				ALWAYS_SEARCH_USER_PATHS = NO;
				CLANG_ANALYZER_NONNULL = YES;
				CLANG_ANALYZER_NUMBER_OBJECT_CONVERSION = YES_AGGRESSIVE;
				CLANG_CXX_LANGUAGE_STANDARD = "gnu++14";
				CLANG_CXX_LIBRARY = "libc++";
				CLANG_ENABLE_MODULES = YES;
				CLANG_ENABLE_OBJC_ARC = YES;
				CLANG_WARN_BLOCK_CAPTURE_AUTORELEASING = YES;
				CLANG_WARN_BOOL_CONVERSION = YES;
				CLANG_WARN_COMMA = YES;
				CLANG_WARN_CONSTANT_CONVERSION = YES;
				CLANG_WARN_DIRECT_OBJC_ISA_USAGE = YES_ERROR;
				CLANG_WARN_DOCUMENTATION_COMMENTS = YES;
				CLANG_WARN_EMPTY_BODY = YES;
				CLANG_WARN_ENUM_CONVERSION = YES;
				CLANG_WARN_INFINITE_RECURSION = YES;
				CLANG_WARN_INT_CONVERSION = YES;
				CLANG_WARN_NON_LITERAL_NULL_CONVERSION = YES;
				CLANG_WARN_OBJC_LITERAL_CONVERSION = YES;
				CLANG_WARN_OBJC_ROOT_CLASS = YES_ERROR;
				CLANG_WARN_RANGE_LOOP_ANALYSIS = YES;
				CLANG_WARN_STRICT_PROTOTYPES = YES;
				CLANG_WARN_SUSPICIOUS_MOVE = YES;
				CLANG_WARN_UNGUARDED_AVAILABILITY = YES_AGGRESSIVE;
				CLANG_WARN_UNREACHABLE_CODE = YES;
				CLANG_WARN__DUPLICATE_METHOD_MATCH = YES;
				CODE_SIGN_IDENTITY = "-";
				COPY_PHASE_STRIP = NO;
				DEBUG_INFORMATION_FORMAT = "dwarf-with-dsym";
				ENABLE_NS_ASSERTIONS = NO;
				ENABLE_STRICT_OBJC_MSGSEND = YES;
				GCC_C_LANGUAGE_STANDARD = gnu11;
				GCC_NO_COMMON_BLOCKS = YES;
				GCC_WARN_64_TO_32_BIT_CONVERSION = YES;
				GCC_WARN_ABOUT_RETURN_TYPE = YES_ERROR;
				GCC_WARN_UNDECLARED_SELECTOR = YES;
				GCC_WARN_UNINITIALIZED_AUTOS = YES_AGGRESSIVE;
				GCC_WARN_UNUSED_FUNCTION = YES;
				GCC_WARN_UNUSED_VARIABLE = YES;
				MACOSX_DEPLOYMENT_TARGET = 10.13;
				MTL_ENABLE_DEBUG_INFO = NO;
				SDKROOT = macosx;
				SWIFT_OPTIMIZATION_LEVEL = "-Owholemodule";
			};
			name = Release;
		};
		AF8991071FC80C9E00639560 /* Debug */ = {
			isa = XCBuildConfiguration;
			buildSettings = {
				ASSETCATALOG_COMPILER_APPICON_NAME = AppIcon;
				CODE_SIGN_ENTITLEMENTS = AutomacticCoderSwift/AutomacticCoderSwift.entitlements;
				CODE_SIGN_STYLE = Automatic;
				COMBINE_HIDPI_IMAGES = YES;
				INFOPLIST_FILE = AutomacticCoderSwift/Info.plist;
				LD_RUNPATH_SEARCH_PATHS = "$(inherited) @executable_path/../Frameworks";
				PRODUCT_BUNDLE_IDENTIFIER = com.ztd.AutomacticCoderSwift;
				PRODUCT_NAME = "$(TARGET_NAME)";
				SWIFT_VERSION = 4.0;
			};
			name = Debug;
		};
		AF8991081FC80C9E00639560 /* Release */ = {
			isa = XCBuildConfiguration;
			buildSettings = {
				ASSETCATALOG_COMPILER_APPICON_NAME = AppIcon;
				CODE_SIGN_ENTITLEMENTS = AutomacticCoderSwift/AutomacticCoderSwift.entitlements;
				CODE_SIGN_STYLE = Automatic;
				COMBINE_HIDPI_IMAGES = YES;
				INFOPLIST_FILE = AutomacticCoderSwift/Info.plist;
				LD_RUNPATH_SEARCH_PATHS = "$(inherited) @executable_path/../Frameworks";
				PRODUCT_BUNDLE_IDENTIFIER = com.ztd.AutomacticCoderSwift;
				PRODUCT_NAME = "$(TARGET_NAME)";
				SWIFT_VERSION = 4.0;
			};
			name = Release;
		};
/* End XCBuildConfiguration section */

/* Begin XCConfigurationList section */
		AF8990F11FC80C9E00639560 /* Build configuration list for PBXProject "AutomacticCoderSwift" */ = {
			isa = XCConfigurationList;
			buildConfigurations = (
				AF8991041FC80C9E00639560 /* Debug */,
				AF8991051FC80C9E00639560 /* Release */,
			);
			defaultConfigurationIsVisible = 0;
			defaultConfigurationName = Release;
		};
		AF8991061FC80C9E00639560 /* Build configuration list for PBXNativeTarget "AutomacticCoderSwift" */ = {
			isa = XCConfigurationList;
			buildConfigurations = (
				AF8991071FC80C9E00639560 /* Debug */,
				AF8991081FC80C9E00639560 /* Release */,
			);
			defaultConfigurationIsVisible = 0;
			defaultConfigurationName = Release;
		};
/* End XCConfigurationList section */
	};
	rootObject = AF8990EE1FC80C9E00639560 /* Project object */;
}
